
Microsoft Visual Studio Solution File, Format Version 12.00
# Visual Studio Version 17
VisualStudioVersion = 17.3.32922.545
MinimumVisualStudioVersion = 10.0.40219.1
Project("{FAE04EC0-301F-11D3-BF4B-00C04F79EFBC}") = "leapYear", "leapYear.csproj", "{1F3869C4-DBB5-4E4F-81F1-85DAF6F7B46A}"
EndProject
Global
	GlobalSection(SolutionConfigurationPlatforms) = preSolution
		Debug|Any CPU = Debug|Any CPU
		Release|Any CPU = Release|Any CPU
	EndGlobalSection
	GlobalSection(ProjectConfigurationPlatforms) = postSolution
		{1F3869C4-DBB5-4E4F-81F1-85DAF6F7B46A}.Debug|Any CPU.ActiveCfg = Debug|Any CPU
		{1F3869C4-DBB5-4E4F-81F1-85DAF6F7B46A}.Debug|Any CPU.Build.0 = Debug|Any CPU
		{1F3869C4-DBB5-4E4F-81F1-85DAF6F7B46A}.Release|Any CPU.ActiveCfg = Release|Any CPU
		{1F3869C4-DBB5-4E4F-81F1-85DAF6F7B46A}.Release|Any CPU.Build.0 = Release|Any CPU
	EndGlobalSection
	GlobalSection(SolutionProperties) = preSolution
		HideSolutionNode = FALSE
	EndGlobalSection
	GlobalSection(ExtensibilityGlobals) = postSolution
		SolutionGuid = {25288AE3-58E1-4ADA-B597-48177483361B}
	EndGlobalSection
EndGlobal
